
Microsoft Visual Studio Solution File, Format Version 12.00
# Visual Studio Version 16
VisualStudioVersion = 16.0.29509.3
MinimumVisualStudioVersion = 10.0.40219.1
Project("{FAE04EC0-301F-11D3-BF4B-00C04F79EFBC}") = "Wefate", "Wefate.csproj", "{009A3DD9-438F-46F0-90AF-C9B310754223}"
EndProject
Global
	GlobalSection(SolutionConfigurationPlatforms) = preSolution
		Debug|Any CPU = Debug|Any CPU
		Release|Any CPU = Release|Any CPU
	EndGlobalSection
	GlobalSection(ProjectConfigurationPlatforms) = postSolution
		{009A3DD9-438F-46F0-90AF-C9B310754223}.Debug|Any CPU.ActiveCfg = Debug|Any CPU
		{009A3DD9-438F-46F0-90AF-C9B310754223}.Debug|Any CPU.Build.0 = Debug|Any CPU
		{009A3DD9-438F-46F0-90AF-C9B310754223}.Release|Any CPU.ActiveCfg = Release|Any CPU
		{009A3DD9-438F-46F0-90AF-C9B310754223}.Release|Any CPU.Build.0 = Release|Any CPU
	EndGlobalSection
	GlobalSection(SolutionProperties) = preSolution
		HideSolutionNode = FALSE
	EndGlobalSection
	GlobalSection(ExtensibilityGlobals) = postSolution
		SolutionGuid = {24ACC79C-1BD0-4B26-84B5-4C3BBF519C37}
	EndGlobalSection
EndGlobal
